{
  "name": "Frontend-Project",
  "lockfileVersion": 3,
  "requires": true,
  "packages": {
    "": {
      "dependencies": {
        "@vizuaalog/bulmajs": "^0.12.2"
      }
    },
    "node_modules/@vizuaalog/bulmajs": {
      "version": "0.12.2",
      "resolved": "https://registry.npmjs.org/@vizuaalog/bulmajs/-/bulmajs-0.12.2.tgz",
      "integrity": "sha512-I8YIQnMB9R0D0yHet4f60RSN55Y2jkqwsbtNnDOntNdiSB4JcUAtXlcG0U9DzxJ9ugliE2q3/8oJiFkSvSBt7w=="
    }
  }
}
